
Microsoft Visual Studio Solution File, Format Version 12.00
# Visual Studio Version 17
VisualStudioVersion = 17.11.35222.181
MinimumVisualStudioVersion = 10.0.40219.1
Project("{FAE04EC0-301F-11D3-BF4B-00C04F79EFBC}") = "Lab#9", "Lab#9\Lab#9.csproj", "{A9CAE6FA-D296-48F5-A1AD-4F167E9667A9}"
EndProject
Global
	GlobalSection(SolutionConfigurationPlatforms) = preSolution
		Debug|Any CPU = Debug|Any CPU
		Release|Any CPU = Release|Any CPU
	EndGlobalSection
	GlobalSection(ProjectConfigurationPlatforms) = postSolution
		{A9CAE6FA-D296-48F5-A1AD-4F167E9667A9}.Debug|Any CPU.ActiveCfg = Debug|Any CPU
		{A9CAE6FA-D296-48F5-A1AD-4F167E9667A9}.Debug|Any CPU.Build.0 = Debug|Any CPU
		{A9CAE6FA-D296-48F5-A1AD-4F167E9667A9}.Release|Any CPU.ActiveCfg = Release|Any CPU
		{A9CAE6FA-D296-48F5-A1AD-4F167E9667A9}.Release|Any CPU.Build.0 = Release|Any CPU
	EndGlobalSection
	GlobalSection(SolutionProperties) = preSolution
		HideSolutionNode = FALSE
	EndGlobalSection
	GlobalSection(ExtensibilityGlobals) = postSolution
		SolutionGuid = {632456B9-2F1F-4345-9860-BD4DF86A5DC6}
	EndGlobalSection
EndGlobal
